
Microsoft Visual Studio Solution File, Format Version 12.00
# Visual Studio Version 16
VisualStudioVersion = 16.0.31321.278
MinimumVisualStudioVersion = 10.0.40219.1
Project("{FAE04EC0-301F-11D3-BF4B-00C04F79EFBC}") = "MeuPrimeiroProjetoForms", "MeuPrimeiroProjetoForms\MeuPrimeiroProjetoForms.csproj", "{2E81E8D2-0FF2-40D3-9D7E-0E35976D32B5}"
EndProject
Global
	GlobalSection(SolutionConfigurationPlatforms) = preSolution
		Debug|Any CPU = Debug|Any CPU
		Release|Any CPU = Release|Any CPU
	EndGlobalSection
	GlobalSection(ProjectConfigurationPlatforms) = postSolution
		{2E81E8D2-0FF2-40D3-9D7E-0E35976D32B5}.Debug|Any CPU.ActiveCfg = Debug|Any CPU
		{2E81E8D2-0FF2-40D3-9D7E-0E35976D32B5}.Debug|Any CPU.Build.0 = Debug|Any CPU
		{2E81E8D2-0FF2-40D3-9D7E-0E35976D32B5}.Release|Any CPU.ActiveCfg = Release|Any CPU
		{2E81E8D2-0FF2-40D3-9D7E-0E35976D32B5}.Release|Any CPU.Build.0 = Release|Any CPU
	EndGlobalSection
	GlobalSection(SolutionProperties) = preSolution
		HideSolutionNode = FALSE
	EndGlobalSection
	GlobalSection(ExtensibilityGlobals) = postSolution
		SolutionGuid = {33C43A41-250D-472C-B1E2-54B27994D8E8}
	EndGlobalSection
EndGlobal
